
Microsoft Visual Studio Solution File, Format Version 12.00
# Visual Studio Version 16
VisualStudioVersion = 16.0.31624.102
MinimumVisualStudioVersion = 10.0.40219.1
Project("{FAE04EC0-301F-11D3-BF4B-00C04F79EFBC}") = "BuscaCEP", "BuscaCEP\BuscaCEP.csproj", "{30B2837B-852B-4F6C-9DC3-E86B91F3E5C3}"
EndProject
Global
	GlobalSection(SolutionConfigurationPlatforms) = preSolution
		Debug|Any CPU = Debug|Any CPU
		Release|Any CPU = Release|Any CPU
	EndGlobalSection
	GlobalSection(ProjectConfigurationPlatforms) = postSolution
		{30B2837B-852B-4F6C-9DC3-E86B91F3E5C3}.Debug|Any CPU.ActiveCfg = Debug|Any CPU
		{30B2837B-852B-4F6C-9DC3-E86B91F3E5C3}.Debug|Any CPU.Build.0 = Debug|Any CPU
		{30B2837B-852B-4F6C-9DC3-E86B91F3E5C3}.Release|Any CPU.ActiveCfg = Release|Any CPU
		{30B2837B-852B-4F6C-9DC3-E86B91F3E5C3}.Release|Any CPU.Build.0 = Release|Any CPU
	EndGlobalSection
	GlobalSection(SolutionProperties) = preSolution
		HideSolutionNode = FALSE
	EndGlobalSection
	GlobalSection(ExtensibilityGlobals) = postSolution
		SolutionGuid = {E4624FD9-FE49-4CD8-B283-39D701CC21CF}
	EndGlobalSection
EndGlobal
